
Microsoft Visual Studio Solution File, Format Version 12.00
Project("{F2A71F9B-5D33-465A-A702-920D77279786}") = "AdventOfCode2024", "src\AdventOfCode2024.fsproj", "{E2D1154B-4D69-4252-8B9D-E45D2AC705BC}"
EndProject
Global
	GlobalSection(SolutionConfigurationPlatforms) = preSolution
		Debug|Any CPU = Debug|Any CPU
		Release|Any CPU = Release|Any CPU
	EndGlobalSection
	GlobalSection(ProjectConfigurationPlatforms) = postSolution
		{E2D1154B-4D69-4252-8B9D-E45D2AC705BC}.Debug|Any CPU.ActiveCfg = Debug|Any CPU
		{E2D1154B-4D69-4252-8B9D-E45D2AC705BC}.Debug|Any CPU.Build.0 = Debug|Any CPU
		{E2D1154B-4D69-4252-8B9D-E45D2AC705BC}.Release|Any CPU.ActiveCfg = Release|Any CPU
		{E2D1154B-4D69-4252-8B9D-E45D2AC705BC}.Release|Any CPU.Build.0 = Release|Any CPU
	EndGlobalSection
EndGlobal
